// !$*UTF8*$!
{
	archiveVersion = 1;
	classes = {
	};
	objectVersion = 50;
	objects = {

/* Begin PBXBuildFile section */
		E410F08523C93183001957A0 /* ASLComplexTypeTests.swift in Sources */ = {isa = PBXBuildFile; fileRef = E410F08423C93183001957A0 /* ASLComplexTypeTests.swift */; };
		E410F08923C93304001957A0 /* ASLComplexType.h in Headers */ = {isa = PBXBuildFile; fileRef = E410F08723C93304001957A0 /* ASLComplexType.h */; settings = {ATTRIBUTES = (Public, ); }; };
		E410F08A23C93304001957A0 /* ASLComplexType.mm in Sources */ = {isa = PBXBuildFile; fileRef = E410F08823C93304001957A0 /* ASLComplexType.mm */; };
		E410F08C23C93666001957A0 /* ASLComplexType_Internal.h in Headers */ = {isa = PBXBuildFile; fileRef = E410F08B23C93666001957A0 /* ASLComplexType_Internal.h */; };
		E410F08E23C93D33001957A0 /* ASLCKKSEncoderTests.swift in Sources */ = {isa = PBXBuildFile; fileRef = E410F08D23C93D33001957A0 /* ASLCKKSEncoderTests.swift */; };
		E410F09223C96265001957A0 /* ASLBatchEncoder.mm in Sources */ = {isa = PBXBuildFile; fileRef = E410F09023C96265001957A0 /* ASLBatchEncoder.mm */; };
		E410F09523CA1A3D001957A0 /* ASLDecryptor.h in Headers */ = {isa = PBXBuildFile; fileRef = E410F09323CA1A3D001957A0 /* ASLDecryptor.h */; settings = {ATTRIBUTES = (Public, ); }; };
		E410F09623CA1A3D001957A0 /* ASLDecryptor.mm in Sources */ = {isa = PBXBuildFile; fileRef = E410F09423CA1A3D001957A0 /* ASLDecryptor.mm */; };
		E410F09923CA2485001957A0 /* ASLSecretKey.h in Headers */ = {isa = PBXBuildFile; fileRef = E410F09723CA2485001957A0 /* ASLSecretKey.h */; settings = {ATTRIBUTES = (Public, ); }; };
		E410F09A23CA2485001957A0 /* ASLSecretKey.mm in Sources */ = {isa = PBXBuildFile; fileRef = E410F09823CA2485001957A0 /* ASLSecretKey.mm */; };
		E410F09C23CA2F88001957A0 /* ASLSecretKeyTests.swift in Sources */ = {isa = PBXBuildFile; fileRef = E410F09B23CA2F88001957A0 /* ASLSecretKeyTests.swift */; };
		E410F09E23CA3125001957A0 /* ASLSecretKey_Internal.h in Headers */ = {isa = PBXBuildFile; fileRef = E410F09D23CA3125001957A0 /* ASLSecretKey_Internal.h */; };
		E410F0A123CA5F08001957A0 /* ASLEncryptor.h in Headers */ = {isa = PBXBuildFile; fileRef = E410F09F23CA5F08001957A0 /* ASLEncryptor.h */; settings = {ATTRIBUTES = (Public, ); }; };
		E410F0A223CA5F08001957A0 /* ASLEncryptor.mm in Sources */ = {isa = PBXBuildFile; fileRef = E410F0A023CA5F08001957A0 /* ASLEncryptor.mm */; };
		E410F0A523CA6292001957A0 /* ASLPublicKey.h in Headers */ = {isa = PBXBuildFile; fileRef = E410F0A323CA6292001957A0 /* ASLPublicKey.h */; settings = {ATTRIBUTES = (Public, ); }; };
		E410F0A623CA6292001957A0 /* ASLPublicKey.mm in Sources */ = {isa = PBXBuildFile; fileRef = E410F0A423CA6292001957A0 /* ASLPublicKey.mm */; };
		E410F0A823CA6775001957A0 /* ASLCipherText_Internal.h in Headers */ = {isa = PBXBuildFile; fileRef = E410F0A723CA6775001957A0 /* ASLCipherText_Internal.h */; };
		E410F0AA23CA6C3A001957A0 /* ASLPublicKeyTests.swift in Sources */ = {isa = PBXBuildFile; fileRef = E410F0A923CA6C3A001957A0 /* ASLPublicKeyTests.swift */; };
		E410F0B023CB9595001957A0 /* ASLPublicKey_Internal.h in Headers */ = {isa = PBXBuildFile; fileRef = E410F0AF23CB9595001957A0 /* ASLPublicKey_Internal.h */; };
		E410F0B323CBFE92001957A0 /* ASLEvaluator.h in Headers */ = {isa = PBXBuildFile; fileRef = E410F0B123CBFE92001957A0 /* ASLEvaluator.h */; settings = {ATTRIBUTES = (Public, ); }; };
		E410F0B423CBFE92001957A0 /* ASLEvaluator.mm in Sources */ = {isa = PBXBuildFile; fileRef = E410F0B223CBFE92001957A0 /* ASLEvaluator.mm */; };
		E410F0B723CC02E5001957A0 /* ASLKSwitchKeys.h in Headers */ = {isa = PBXBuildFile; fileRef = E410F0B523CC02E5001957A0 /* ASLKSwitchKeys.h */; settings = {ATTRIBUTES = (Public, ); }; };
		E410F0B823CC02E5001957A0 /* ASLKSwitchKeys.mm in Sources */ = {isa = PBXBuildFile; fileRef = E410F0B623CC02E5001957A0 /* ASLKSwitchKeys.mm */; };
		E4271A0E23B7F86500B08B37 /* AppleSeal.framework in Frameworks */ = {isa = PBXBuildFile; fileRef = E4271A0423B7F86400B08B37 /* AppleSeal.framework */; };
		E4271A1323B7F86500B08B37 /* ASLBigUIntTests.swift in Sources */ = {isa = PBXBuildFile; fileRef = E4271A1223B7F86500B08B37 /* ASLBigUIntTests.swift */; };
		E4271A1523B7F86500B08B37 /* AppleSeal.h in Headers */ = {isa = PBXBuildFile; fileRef = E4271A0723B7F86400B08B37 /* AppleSeal.h */; settings = {ATTRIBUTES = (Public, ); }; };
		E4271A3323B800B700B08B37 /* libz.tbd in Frameworks */ = {isa = PBXBuildFile; fileRef = E4271A3223B800B700B08B37 /* libz.tbd */; };
		E4271A3A23B8071D00B08B37 /* ASLBigUInt.h in Headers */ = {isa = PBXBuildFile; fileRef = E4271A3823B8071D00B08B37 /* ASLBigUInt.h */; settings = {ATTRIBUTES = (Public, ); }; };
		E4271A3B23B8071D00B08B37 /* ASLBigUInt.mm in Sources */ = {isa = PBXBuildFile; fileRef = E4271A3923B8071D00B08B37 /* ASLBigUInt.mm */; };
		E43CA27423B9960A004EB5D8 /* ASLSealContext.h in Headers */ = {isa = PBXBuildFile; fileRef = E43CA27223B9960A004EB5D8 /* ASLSealContext.h */; settings = {ATTRIBUTES = (Public, ); }; };
		E43CA27523B9960A004EB5D8 /* ASLSealContext.mm in Sources */ = {isa = PBXBuildFile; fileRef = E43CA27323B9960A004EB5D8 /* ASLSealContext.mm */; };
		E43CA27823B99AA9004EB5D8 /* ASLSealContextData.h in Headers */ = {isa = PBXBuildFile; fileRef = E43CA27623B99AA9004EB5D8 /* ASLSealContextData.h */; settings = {ATTRIBUTES = (Public, ); }; };
		E43CA27923B99AA9004EB5D8 /* ASLSealContextData.mm in Sources */ = {isa = PBXBuildFile; fileRef = E43CA27723B99AA9004EB5D8 /* ASLSealContextData.mm */; };
		E43CA27B23B99C5B004EB5D8 /* ASLSealContextData_Internal.h in Headers */ = {isa = PBXBuildFile; fileRef = E43CA27A23B99B92004EB5D8 /* ASLSealContextData_Internal.h */; };
		E43CA27E23B99DC3004EB5D8 /* ASLEncryptionParameters.h in Headers */ = {isa = PBXBuildFile; fileRef = E43CA27C23B99DC3004EB5D8 /* ASLEncryptionParameters.h */; settings = {ATTRIBUTES = (Public, ); }; };
		E43CA27F23B99DC3004EB5D8 /* ASLEncryptionParameters.mm in Sources */ = {isa = PBXBuildFile; fileRef = E43CA27D23B99DC3004EB5D8 /* ASLEncryptionParameters.mm */; };
		E43CA28123B9A89D004EB5D8 /* ASLSmallModulus_Internal.h in Headers */ = {isa = PBXBuildFile; fileRef = E43CA28023B9A89D004EB5D8 /* ASLSmallModulus_Internal.h */; };
		E43CA28323BA2BA4004EB5D8 /* ASLSealContextTests.swift in Sources */ = {isa = PBXBuildFile; fileRef = E43CA28223BA2BA4004EB5D8 /* ASLSealContextTests.swift */; };
		E43CA28523BA2D01004EB5D8 /* ASLEncryptionParametersTests.swift in Sources */ = {isa = PBXBuildFile; fileRef = E43CA28423BA2D01004EB5D8 /* ASLEncryptionParametersTests.swift */; };
		E43CA28823BA765B004EB5D8 /* ASLMemoryPoolHandle.h in Headers */ = {isa = PBXBuildFile; fileRef = E43CA28623BA765B004EB5D8 /* ASLMemoryPoolHandle.h */; settings = {ATTRIBUTES = (Public, ); }; };
		E43CA28923BA765B004EB5D8 /* ASLMemoryPoolHandle.mm in Sources */ = {isa = PBXBuildFile; fileRef = E43CA28723BA765B004EB5D8 /* ASLMemoryPoolHandle.mm */; };
		E43CA28C23BA7C8E004EB5D8 /* ASLMemoryPoolHandleTests.swift in Sources */ = {isa = PBXBuildFile; fileRef = E43CA28B23BA7C8E004EB5D8 /* ASLMemoryPoolHandleTests.swift */; };
		E43CA28E23BA929C004EB5D8 /* ASLMemoryManagerProfile.h in Headers */ = {isa = PBXBuildFile; fileRef = E43CA28D23BA929C004EB5D8 /* ASLMemoryManagerProfile.h */; settings = {ATTRIBUTES = (Public, ); }; };
		E43CA29423BA9E9F004EB5D8 /* ASLMemoryManagerProfileGlobalTests.swift in Sources */ = {isa = PBXBuildFile; fileRef = E43CA29323BA9E9F004EB5D8 /* ASLMemoryManagerProfileGlobalTests.swift */; };
		E43CA29723BA9F7E004EB5D8 /* ASLMemoryManagerProfileGlobal.h in Headers */ = {isa = PBXBuildFile; fileRef = E43CA29523BA9F7E004EB5D8 /* ASLMemoryManagerProfileGlobal.h */; settings = {ATTRIBUTES = (Public, ); }; };
		E43CA29823BA9F7E004EB5D8 /* ASLMemoryManagerProfileGlobal.mm in Sources */ = {isa = PBXBuildFile; fileRef = E43CA29623BA9F7E004EB5D8 /* ASLMemoryManagerProfileGlobal.mm */; };
		E43CA29B23BAA076004EB5D8 /* ASLMemoryManagerProfileFixed.h in Headers */ = {isa = PBXBuildFile; fileRef = E43CA29923BAA076004EB5D8 /* ASLMemoryManagerProfileFixed.h */; settings = {ATTRIBUTES = (Public, ); }; };
		E43CA29C23BAA076004EB5D8 /* ASLMemoryManagerProfileFixed.mm in Sources */ = {isa = PBXBuildFile; fileRef = E43CA29A23BAA076004EB5D8 /* ASLMemoryManagerProfileFixed.mm */; };
		E43CA29E23BBAE49004EB5D8 /* ASLMemoryManagerProfileFixedTests.swift in Sources */ = {isa = PBXBuildFile; fileRef = E43CA29D23BBAE49004EB5D8 /* ASLMemoryManagerProfileFixedTests.swift */; };
		E43CA2A523BBBAD0004EB5D8 /* ASLMemoryManagerProfileThreadLocal.h in Headers */ = {isa = PBXBuildFile; fileRef = E43CA2A323BBBAD0004EB5D8 /* ASLMemoryManagerProfileThreadLocal.h */; settings = {ATTRIBUTES = (Public, ); }; };
		E43CA2A623BBBAD0004EB5D8 /* ASLMemoryManagerProfileThreadLocal.mm in Sources */ = {isa = PBXBuildFile; fileRef = E43CA2A423BBBAD0004EB5D8 /* ASLMemoryManagerProfileThreadLocal.mm */; };
		E43CA2A823BBBB68004EB5D8 /* ASLMemoryManagerProfileThreadLocalTests.swift in Sources */ = {isa = PBXBuildFile; fileRef = E43CA2A723BBBB68004EB5D8 /* ASLMemoryManagerProfileThreadLocalTests.swift */; };
		E43CA2AB23BBC041004EB5D8 /* ASLMemoryManager.h in Headers */ = {isa = PBXBuildFile; fileRef = E43CA2A923BBC041004EB5D8 /* ASLMemoryManager.h */; settings = {ATTRIBUTES = (Public, ); }; };
		E43CA2AC23BBC041004EB5D8 /* ASLMemoryManager.mm in Sources */ = {isa = PBXBuildFile; fileRef = E43CA2AA23BBC041004EB5D8 /* ASLMemoryManager.mm */; };
		E43CA2AE23BBCB7A004EB5D8 /* ASLMemoryManagerTests.swift in Sources */ = {isa = PBXBuildFile; fileRef = E43CA2AD23BBCB7A004EB5D8 /* ASLMemoryManagerTests.swift */; };
		E453865323C167DF001EADB8 /* ASLCipherTextTests.swift in Sources */ = {isa = PBXBuildFile; fileRef = E453865223C167DF001EADB8 /* ASLCipherTextTests.swift */; };
		E453865523C1F9EC001EADB8 /* ASLEncryptionParameters_Internal.h in Headers */ = {isa = PBXBuildFile; fileRef = E453865423C1F9E9001EADB8 /* ASLEncryptionParameters_Internal.h */; };
		E453865723C2509F001EADB8 /* ASLSealContextDataTests.swift in Sources */ = {isa = PBXBuildFile; fileRef = E453865623C2509F001EADB8 /* ASLSealContextDataTests.swift */; };
		E453865A23C25C61001EADB8 /* ASLCKKSEncoder.h in Headers */ = {isa = PBXBuildFile; fileRef = E453865823C25C61001EADB8 /* ASLCKKSEncoder.h */; settings = {ATTRIBUTES = (Public, ); }; };
		E453865B23C25C61001EADB8 /* ASLCKKSEncoder.mm in Sources */ = {isa = PBXBuildFile; fileRef = E453865923C25C61001EADB8 /* ASLCKKSEncoder.mm */; };
		E453866123C28307001EADB8 /* ASLPlainText_Internal.h in Headers */ = {isa = PBXBuildFile; fileRef = E453866023C28307001EADB8 /* ASLPlainText_Internal.h */; };
		E47C292F23D3348C00AC70C9 /* ASLKSwitchKeysTests.swift in Sources */ = {isa = PBXBuildFile; fileRef = E47C292E23D3348C00AC70C9 /* ASLKSwitchKeysTests.swift */; };
		E47C293223D3393800AC70C9 /* ASLRelinearizationKeys.h in Headers */ = {isa = PBXBuildFile; fileRef = E47C293023D3393800AC70C9 /* ASLRelinearizationKeys.h */; settings = {ATTRIBUTES = (Public, ); }; };
		E47C293323D3393800AC70C9 /* ASLRelinearizationKeys.mm in Sources */ = {isa = PBXBuildFile; fileRef = E47C293123D3393800AC70C9 /* ASLRelinearizationKeys.mm */; };
		E47C293523D33F7700AC70C9 /* ASLRelinearizationKeysTests.swift in Sources */ = {isa = PBXBuildFile; fileRef = E47C293423D33F7700AC70C9 /* ASLRelinearizationKeysTests.swift */; };
		E47C293823D3548700AC70C9 /* ASLGaloisKeys.h in Headers */ = {isa = PBXBuildFile; fileRef = E47C293623D3548700AC70C9 /* ASLGaloisKeys.h */; settings = {ATTRIBUTES = (Public, ); }; };
		E47C293923D3548700AC70C9 /* ASLGaloisKeys.mm in Sources */ = {isa = PBXBuildFile; fileRef = E47C293723D3548700AC70C9 /* ASLGaloisKeys.mm */; };
		E47C293B23D3554A00AC70C9 /* ASLGaloisKeysTests.swift in Sources */ = {isa = PBXBuildFile; fileRef = E47C293A23D3554A00AC70C9 /* ASLGaloisKeysTests.swift */; };
		E47C293E23D35C5200AC70C9 /* ASLIntegerEncoder.h in Headers */ = {isa = PBXBuildFile; fileRef = E47C293C23D35C5200AC70C9 /* ASLIntegerEncoder.h */; settings = {ATTRIBUTES = (Public, ); }; };
		E47C293F23D35C5200AC70C9 /* ASLIntegerEncoder.mm in Sources */ = {isa = PBXBuildFile; fileRef = E47C293D23D35C5200AC70C9 /* ASLIntegerEncoder.mm */; };
		E47C294423D3A54000AC70C9 /* ASLKeyGenerator.h in Headers */ = {isa = PBXBuildFile; fileRef = E47C294223D3A54000AC70C9 /* ASLKeyGenerator.h */; settings = {ATTRIBUTES = (Public, ); }; };
		E47C294523D3A54000AC70C9 /* ASLKeyGenerator.mm in Sources */ = {isa = PBXBuildFile; fileRef = E47C294323D3A54000AC70C9 /* ASLKeyGenerator.mm */; };
		E47C294C23D3BC4200AC70C9 /* ASLCoefficientModulus.h in Headers */ = {isa = PBXBuildFile; fileRef = E47C294A23D3BC4200AC70C9 /* ASLCoefficientModulus.h */; settings = {ATTRIBUTES = (Public, ); }; };
		E47C294D23D3BC4200AC70C9 /* ASLCoefficientModulus.mm in Sources */ = {isa = PBXBuildFile; fileRef = E47C294B23D3BC4200AC70C9 /* ASLCoefficientModulus.mm */; };
		E47C294F23D3C33C00AC70C9 /* ASLCoefficientModulusTests.swift in Sources */ = {isa = PBXBuildFile; fileRef = E47C294E23D3C33C00AC70C9 /* ASLCoefficientModulusTests.swift */; };
		E47C295223D3C76B00AC70C9 /* ASLPlainModulus.h in Headers */ = {isa = PBXBuildFile; fileRef = E47C295023D3C76B00AC70C9 /* ASLPlainModulus.h */; settings = {ATTRIBUTES = (Public, ); }; };
		E47C295323D3C76B00AC70C9 /* ASLPlainModulus.mm in Sources */ = {isa = PBXBuildFile; fileRef = E47C295123D3C76B00AC70C9 /* ASLPlainModulus.mm */; };
		E47C295523D470BF00AC70C9 /* ASLPlainModulusTests.swift in Sources */ = {isa = PBXBuildFile; fileRef = E47C295423D470BF00AC70C9 /* ASLPlainModulusTests.swift */; };
		E47C295B23D4AAF400AC70C9 /* ASLKSwitchKeys_Internal.h in Headers */ = {isa = PBXBuildFile; fileRef = E47C295A23D4AAF400AC70C9 /* ASLKSwitchKeys_Internal.h */; };
		E47C295D23D4AC8600AC70C9 /* ASLRelinearizationKeys_Internal.h in Headers */ = {isa = PBXBuildFile; fileRef = E47C295C23D4AC8600AC70C9 /* ASLRelinearizationKeys_Internal.h */; };
		E47C295F23D4AE8000AC70C9 /* ASLGaloisKeys_Internal.h in Headers */ = {isa = PBXBuildFile; fileRef = E47C295E23D4AE7D00AC70C9 /* ASLGaloisKeys_Internal.h */; };
		E47C296223D4B2B200AC70C9 /* ASLValidityChecker.h in Headers */ = {isa = PBXBuildFile; fileRef = E47C296023D4B2B200AC70C9 /* ASLValidityChecker.h */; settings = {ATTRIBUTES = (Public, ); }; };
		E47C296323D4B2B200AC70C9 /* ASLValidityChecker.mm in Sources */ = {isa = PBXBuildFile; fileRef = E47C296123D4B2B200AC70C9 /* ASLValidityChecker.mm */; };
		E47C296523D4B32E00AC70C9 /* ASLValidityCheckerTests.swift in Sources */ = {isa = PBXBuildFile; fileRef = E47C296423D4B32E00AC70C9 /* ASLValidityCheckerTests.swift */; };
		E47C296823D4B88200AC70C9 /* NSError+CXXAdditions.h in Headers */ = {isa = PBXBuildFile; fileRef = E47C296623D4B88200AC70C9 /* NSError+CXXAdditions.h */; };
		E47C296923D4B88200AC70C9 /* NSError+CXXAdditions.mm in Sources */ = {isa = PBXBuildFile; fileRef = E47C296723D4B88200AC70C9 /* NSError+CXXAdditions.mm */; };
		E47D97B6242E6CE90006FD07 /* ASLIntegerEncoderTests.swift in Sources */ = {isa = PBXBuildFile; fileRef = E47D97B5242E6CE90006FD07 /* ASLIntegerEncoderTests.swift */; };
		E47D97B824304B600006FD07 /* ASLKeyGeneratorTests.swift in Sources */ = {isa = PBXBuildFile; fileRef = E47D97B724304B600006FD07 /* ASLKeyGeneratorTests.swift */; };
		E4B0954023BC4AA000FF780D /* ASLParametersIdType.h in Headers */ = {isa = PBXBuildFile; fileRef = E4B0953E23BC4AA000FF780D /* ASLParametersIdType.h */; settings = {ATTRIBUTES = (Public, ); }; };
		E4B0954323BC4F0100FF780D /* ASLParmsIdTypeTests.swift in Sources */ = {isa = PBXBuildFile; fileRef = E4B0954223BC4F0100FF780D /* ASLParmsIdTypeTests.swift */; };
		E4B0954623BCE2D800FF780D /* ASLPlainText.h in Headers */ = {isa = PBXBuildFile; fileRef = E4B0954423BCE2D800FF780D /* ASLPlainText.h */; settings = {ATTRIBUTES = (Public, ); }; };
		E4B0954723BCE2D800FF780D /* ASLPlainText.mm in Sources */ = {isa = PBXBuildFile; fileRef = E4B0954523BCE2D800FF780D /* ASLPlainText.mm */; };
		E4B0954923BD0AE300FF780D /* ASLPlainTextTests.swift in Sources */ = {isa = PBXBuildFile; fileRef = E4B0954823BD0AE300FF780D /* ASLPlainTextTests.swift */; };
		E4B0954C23BD5B3700FF780D /* ASLCipherText.h in Headers */ = {isa = PBXBuildFile; fileRef = E4B0954A23BD5B3700FF780D /* ASLCipherText.h */; settings = {ATTRIBUTES = (Public, ); }; };
		E4B0954D23BD5B3700FF780D /* ASLCipherText.mm in Sources */ = {isa = PBXBuildFile; fileRef = E4B0954B23BD5B3700FF780D /* ASLCipherText.mm */; };
		E4B6485724174070002038B1 /* ASLBigUInt_Internal.h in Headers */ = {isa = PBXBuildFile; fileRef = E4B6485624173F73002038B1 /* ASLBigUInt_Internal.h */; };
		E4B64859241DCF1E002038B1 /* ASLBatchEncoderTests.swift in Sources */ = {isa = PBXBuildFile; fileRef = E4B64858241DCF1E002038B1 /* ASLBatchEncoderTests.swift */; };
		E4B6485B241DD129002038B1 /* ASLBatchEncoder.h in Headers */ = {isa = PBXBuildFile; fileRef = E4B6485A241DD129002038B1 /* ASLBatchEncoder.h */; settings = {ATTRIBUTES = (Public, ); }; };
		E4BA55A223B8131F0067EBBC /* NSString+CXXAdditions.h in Headers */ = {isa = PBXBuildFile; fileRef = E4BA55A023B8131F0067EBBC /* NSString+CXXAdditions.h */; };
		E4BA55A323B8131F0067EBBC /* NSString+CXXAdditions.mm in Sources */ = {isa = PBXBuildFile; fileRef = E4BA55A123B8131F0067EBBC /* NSString+CXXAdditions.mm */; };
		E4BA55AE23B8F23D0067EBBC /* ASLSmallModulusTests.swift in Sources */ = {isa = PBXBuildFile; fileRef = E4BA55AD23B8F23D0067EBBC /* ASLSmallModulusTests.swift */; };
		E4BA55B323B8F5840067EBBC /* ASLSmallModulus.mm in Sources */ = {isa = PBXBuildFile; fileRef = E4BA55B123B8F5840067EBBC /* ASLSmallModulus.mm */; };
		E4BA55B523B900D70067EBBC /* ASLSmallModulus.h in Headers */ = {isa = PBXBuildFile; fileRef = E4BA55B023B8F5840067EBBC /* ASLSmallModulus.h */; settings = {ATTRIBUTES = (Public, ); }; };
		E4FFD41924268A6D00D4BDA7 /* ASLDecryptorTests.swift in Sources */ = {isa = PBXBuildFile; fileRef = E4FFD41824268A6D00D4BDA7 /* ASLDecryptorTests.swift */; };
		E4FFD41B24279AA000D4BDA7 /* ASLEncryptorTests.swift in Sources */ = {isa = PBXBuildFile; fileRef = E4FFD41A24279AA000D4BDA7 /* ASLEncryptorTests.swift */; };
		E4FFD41D242AFD0E00D4BDA7 /* ASLEvaluatorTests.swift in Sources */ = {isa = PBXBuildFile; fileRef = E4FFD41C242AFD0E00D4BDA7 /* ASLEvaluatorTests.swift */; };
/* End PBXBuildFile section */

/* Begin PBXContainerItemProxy section */
		E4271A0F23B7F86500B08B37 /* PBXContainerItemProxy */ = {
			isa = PBXContainerItemProxy;
			containerPortal = E42719FB23B7F86400B08B37 /* Project object */;
			proxyType = 1;
			remoteGlobalIDString = E4271A0323B7F86400B08B37;
			remoteInfo = AppleSeal;
		};
		E4271A2823B7FACA00B08B37 /* PBXContainerItemProxy */ = {
			isa = PBXContainerItemProxy;
			containerPortal = E42719FB23B7F86400B08B37 /* Project object */;
			proxyType = 1;
			remoteGlobalIDString = E4271A2423B7FAB400B08B37;
			remoteInfo = seal;
		};
		E4271A2A23B7FAD000B08B37 /* PBXContainerItemProxy */ = {
			isa = PBXContainerItemProxy;
			containerPortal = E42719FB23B7F86400B08B37 /* Project object */;
			proxyType = 1;
			remoteGlobalIDString = E4271A1E23B7F8C500B08B37;
			remoteInfo = SealMakefiles;
		};
/* End PBXContainerItemProxy section */

/* Begin PBXFileReference section */
		E410F08423C93183001957A0 /* ASLComplexTypeTests.swift */ = {isa = PBXFileReference; lastKnownFileType = sourcecode.swift; path = ASLComplexTypeTests.swift; sourceTree = "<group>"; };
		E410F08723C93304001957A0 /* ASLComplexType.h */ = {isa = PBXFileReference; lastKnownFileType = sourcecode.c.h; path = ASLComplexType.h; sourceTree = "<group>"; };
		E410F08823C93304001957A0 /* ASLComplexType.mm */ = {isa = PBXFileReference; lastKnownFileType = sourcecode.cpp.objcpp; path = ASLComplexType.mm; sourceTree = "<group>"; };
		E410F08B23C93666001957A0 /* ASLComplexType_Internal.h */ = {isa = PBXFileReference; lastKnownFileType = sourcecode.c.h; path = ASLComplexType_Internal.h; sourceTree = "<group>"; };
		E410F08D23C93D33001957A0 /* ASLCKKSEncoderTests.swift */ = {isa = PBXFileReference; lastKnownFileType = sourcecode.swift; path = ASLCKKSEncoderTests.swift; sourceTree = "<group>"; };
		E410F09023C96265001957A0 /* ASLBatchEncoder.mm */ = {isa = PBXFileReference; lastKnownFileType = sourcecode.cpp.objcpp; path = ASLBatchEncoder.mm; sourceTree = "<group>"; };
		E410F09323CA1A3D001957A0 /* ASLDecryptor.h */ = {isa = PBXFileReference; lastKnownFileType = sourcecode.c.h; path = ASLDecryptor.h; sourceTree = "<group>"; };
		E410F09423CA1A3D001957A0 /* ASLDecryptor.mm */ = {isa = PBXFileReference; lastKnownFileType = sourcecode.cpp.objcpp; path = ASLDecryptor.mm; sourceTree = "<group>"; };
		E410F09723CA2485001957A0 /* ASLSecretKey.h */ = {isa = PBXFileReference; lastKnownFileType = sourcecode.c.h; path = ASLSecretKey.h; sourceTree = "<group>"; };
		E410F09823CA2485001957A0 /* ASLSecretKey.mm */ = {isa = PBXFileReference; lastKnownFileType = sourcecode.cpp.objcpp; path = ASLSecretKey.mm; sourceTree = "<group>"; };
		E410F09B23CA2F88001957A0 /* ASLSecretKeyTests.swift */ = {isa = PBXFileReference; lastKnownFileType = sourcecode.swift; path = ASLSecretKeyTests.swift; sourceTree = "<group>"; };
		E410F09D23CA3125001957A0 /* ASLSecretKey_Internal.h */ = {isa = PBXFileReference; lastKnownFileType = sourcecode.c.h; path = ASLSecretKey_Internal.h; sourceTree = "<group>"; };
		E410F09F23CA5F08001957A0 /* ASLEncryptor.h */ = {isa = PBXFileReference; lastKnownFileType = sourcecode.c.h; path = ASLEncryptor.h; sourceTree = "<group>"; };
		E410F0A023CA5F08001957A0 /* ASLEncryptor.mm */ = {isa = PBXFileReference; lastKnownFileType = sourcecode.cpp.objcpp; path = ASLEncryptor.mm; sourceTree = "<group>"; };
		E410F0A323CA6292001957A0 /* ASLPublicKey.h */ = {isa = PBXFileReference; lastKnownFileType = sourcecode.c.h; path = ASLPublicKey.h; sourceTree = "<group>"; };
		E410F0A423CA6292001957A0 /* ASLPublicKey.mm */ = {isa = PBXFileReference; lastKnownFileType = sourcecode.cpp.objcpp; path = ASLPublicKey.mm; sourceTree = "<group>"; };
		E410F0A723CA6775001957A0 /* ASLCipherText_Internal.h */ = {isa = PBXFileReference; lastKnownFileType = sourcecode.c.h; path = ASLCipherText_Internal.h; sourceTree = "<group>"; };
		E410F0A923CA6C3A001957A0 /* ASLPublicKeyTests.swift */ = {isa = PBXFileReference; lastKnownFileType = sourcecode.swift; path = ASLPublicKeyTests.swift; sourceTree = "<group>"; };
		E410F0AF23CB9595001957A0 /* ASLPublicKey_Internal.h */ = {isa = PBXFileReference; lastKnownFileType = sourcecode.c.h; path = ASLPublicKey_Internal.h; sourceTree = "<group>"; };
		E410F0B123CBFE92001957A0 /* ASLEvaluator.h */ = {isa = PBXFileReference; lastKnownFileType = sourcecode.c.h; path = ASLEvaluator.h; sourceTree = "<group>"; };
		E410F0B223CBFE92001957A0 /* ASLEvaluator.mm */ = {isa = PBXFileReference; lastKnownFileType = sourcecode.cpp.objcpp; path = ASLEvaluator.mm; sourceTree = "<group>"; };
		E410F0B523CC02E5001957A0 /* ASLKSwitchKeys.h */ = {isa = PBXFileReference; lastKnownFileType = sourcecode.c.h; path = ASLKSwitchKeys.h; sourceTree = "<group>"; };
		E410F0B623CC02E5001957A0 /* ASLKSwitchKeys.mm */ = {isa = PBXFileReference; lastKnownFileType = sourcecode.cpp.objcpp; path = ASLKSwitchKeys.mm; sourceTree = "<group>"; };
		E4271A0423B7F86400B08B37 /* AppleSeal.framework */ = {isa = PBXFileReference; explicitFileType = wrapper.framework; includeInIndex = 0; path = AppleSeal.framework; sourceTree = BUILT_PRODUCTS_DIR; };
		E4271A0723B7F86400B08B37 /* AppleSeal.h */ = {isa = PBXFileReference; lastKnownFileType = sourcecode.c.h; path = AppleSeal.h; sourceTree = "<group>"; };
		E4271A0823B7F86400B08B37 /* Info.plist */ = {isa = PBXFileReference; lastKnownFileType = text.plist.xml; path = Info.plist; sourceTree = "<group>"; };
		E4271A0D23B7F86500B08B37 /* AppleSealTests.xctest */ = {isa = PBXFileReference; explicitFileType = wrapper.cfbundle; includeInIndex = 0; path = AppleSealTests.xctest; sourceTree = BUILT_PRODUCTS_DIR; };
		E4271A1223B7F86500B08B37 /* ASLBigUIntTests.swift */ = {isa = PBXFileReference; lastKnownFileType = sourcecode.swift; path = ASLBigUIntTests.swift; sourceTree = "<group>"; };
		E4271A1423B7F86500B08B37 /* Info.plist */ = {isa = PBXFileReference; lastKnownFileType = text.plist.xml; path = Info.plist; sourceTree = "<group>"; };
		E4271A3223B800B700B08B37 /* libz.tbd */ = {isa = PBXFileReference; lastKnownFileType = "sourcecode.text-based-dylib-definition"; name = libz.tbd; path = Platforms/MacOSX.platform/Developer/SDKs/MacOSX10.15.sdk/usr/lib/libz.tbd; sourceTree = DEVELOPER_DIR; };
		E4271A3823B8071D00B08B37 /* ASLBigUInt.h */ = {isa = PBXFileReference; lastKnownFileType = sourcecode.c.h; path = ASLBigUInt.h; sourceTree = "<group>"; };
		E4271A3923B8071D00B08B37 /* ASLBigUInt.mm */ = {isa = PBXFileReference; lastKnownFileType = sourcecode.cpp.objcpp; path = ASLBigUInt.mm; sourceTree = "<group>"; };
		E43CA27223B9960A004EB5D8 /* ASLSealContext.h */ = {isa = PBXFileReference; lastKnownFileType = sourcecode.c.h; path = ASLSealContext.h; sourceTree = "<group>"; };
		E43CA27323B9960A004EB5D8 /* ASLSealContext.mm */ = {isa = PBXFileReference; lastKnownFileType = sourcecode.cpp.objcpp; path = ASLSealContext.mm; sourceTree = "<group>"; };
		E43CA27623B99AA9004EB5D8 /* ASLSealContextData.h */ = {isa = PBXFileReference; lastKnownFileType = sourcecode.c.h; path = ASLSealContextData.h; sourceTree = "<group>"; };
		E43CA27723B99AA9004EB5D8 /* ASLSealContextData.mm */ = {isa = PBXFileReference; lastKnownFileType = sourcecode.cpp.objcpp; path = ASLSealContextData.mm; sourceTree = "<group>"; };
		E43CA27A23B99B92004EB5D8 /* ASLSealContextData_Internal.h */ = {isa = PBXFileReference; lastKnownFileType = sourcecode.c.h; path = ASLSealContextData_Internal.h; sourceTree = "<group>"; };
		E43CA27C23B99DC3004EB5D8 /* ASLEncryptionParameters.h */ = {isa = PBXFileReference; lastKnownFileType = sourcecode.c.h; path = ASLEncryptionParameters.h; sourceTree = "<group>"; };
		E43CA27D23B99DC3004EB5D8 /* ASLEncryptionParameters.mm */ = {isa = PBXFileReference; lastKnownFileType = sourcecode.cpp.objcpp; path = ASLEncryptionParameters.mm; sourceTree = "<group>"; };
		E43CA28023B9A89D004EB5D8 /* ASLSmallModulus_Internal.h */ = {isa = PBXFileReference; lastKnownFileType = sourcecode.c.h; path = ASLSmallModulus_Internal.h; sourceTree = "<group>"; };
		E43CA28223BA2BA4004EB5D8 /* ASLSealContextTests.swift */ = {isa = PBXFileReference; lastKnownFileType = sourcecode.swift; path = ASLSealContextTests.swift; sourceTree = "<group>"; };
		E43CA28423BA2D01004EB5D8 /* ASLEncryptionParametersTests.swift */ = {isa = PBXFileReference; lastKnownFileType = sourcecode.swift; path = ASLEncryptionParametersTests.swift; sourceTree = "<group>"; };
		E43CA28623BA765B004EB5D8 /* ASLMemoryPoolHandle.h */ = {isa = PBXFileReference; lastKnownFileType = sourcecode.c.h; path = ASLMemoryPoolHandle.h; sourceTree = "<group>"; };
		E43CA28723BA765B004EB5D8 /* ASLMemoryPoolHandle.mm */ = {isa = PBXFileReference; lastKnownFileType = sourcecode.cpp.objcpp; path = ASLMemoryPoolHandle.mm; sourceTree = "<group>"; };
		E43CA28A23BA7A74004EB5D8 /* ASLMemoryPoolHandle_Internal.h */ = {isa = PBXFileReference; lastKnownFileType = sourcecode.c.h; path = ASLMemoryPoolHandle_Internal.h; sourceTree = "<group>"; };
		E43CA28B23BA7C8E004EB5D8 /* ASLMemoryPoolHandleTests.swift */ = {isa = PBXFileReference; lastKnownFileType = sourcecode.swift; path = ASLMemoryPoolHandleTests.swift; sourceTree = "<group>"; };
		E43CA28D23BA929C004EB5D8 /* ASLMemoryManagerProfile.h */ = {isa = PBXFileReference; lastKnownFileType = sourcecode.c.h; path = ASLMemoryManagerProfile.h; sourceTree = "<group>"; };
		E43CA29323BA9E9F004EB5D8 /* ASLMemoryManagerProfileGlobalTests.swift */ = {isa = PBXFileReference; lastKnownFileType = sourcecode.swift; path = ASLMemoryManagerProfileGlobalTests.swift; sourceTree = "<group>"; };
		E43CA29523BA9F7E004EB5D8 /* ASLMemoryManagerProfileGlobal.h */ = {isa = PBXFileReference; lastKnownFileType = sourcecode.c.h; path = ASLMemoryManagerProfileGlobal.h; sourceTree = "<group>"; };
		E43CA29623BA9F7E004EB5D8 /* ASLMemoryManagerProfileGlobal.mm */ = {isa = PBXFileReference; lastKnownFileType = sourcecode.cpp.objcpp; path = ASLMemoryManagerProfileGlobal.mm; sourceTree = "<group>"; };
		E43CA29923BAA076004EB5D8 /* ASLMemoryManagerProfileFixed.h */ = {isa = PBXFileReference; lastKnownFileType = sourcecode.c.h; path = ASLMemoryManagerProfileFixed.h; sourceTree = "<group>"; };
		E43CA29A23BAA076004EB5D8 /* ASLMemoryManagerProfileFixed.mm */ = {isa = PBXFileReference; lastKnownFileType = sourcecode.cpp.objcpp; path = ASLMemoryManagerProfileFixed.mm; sourceTree = "<group>"; };
		E43CA29D23BBAE49004EB5D8 /* ASLMemoryManagerProfileFixedTests.swift */ = {isa = PBXFileReference; lastKnownFileType = sourcecode.swift; path = ASLMemoryManagerProfileFixedTests.swift; sourceTree = "<group>"; };
		E43CA2A323BBBAD0004EB5D8 /* ASLMemoryManagerProfileThreadLocal.h */ = {isa = PBXFileReference; lastKnownFileType = sourcecode.c.h; path = ASLMemoryManagerProfileThreadLocal.h; sourceTree = "<group>"; };
		E43CA2A423BBBAD0004EB5D8 /* ASLMemoryManagerProfileThreadLocal.mm */ = {isa = PBXFileReference; lastKnownFileType = sourcecode.cpp.objcpp; path = ASLMemoryManagerProfileThreadLocal.mm; sourceTree = "<group>"; };
		E43CA2A723BBBB68004EB5D8 /* ASLMemoryManagerProfileThreadLocalTests.swift */ = {isa = PBXFileReference; lastKnownFileType = sourcecode.swift; path = ASLMemoryManagerProfileThreadLocalTests.swift; sourceTree = "<group>"; };
		E43CA2A923BBC041004EB5D8 /* ASLMemoryManager.h */ = {isa = PBXFileReference; lastKnownFileType = sourcecode.c.h; path = ASLMemoryManager.h; sourceTree = "<group>"; };
		E43CA2AA23BBC041004EB5D8 /* ASLMemoryManager.mm */ = {isa = PBXFileReference; lastKnownFileType = sourcecode.cpp.objcpp; path = ASLMemoryManager.mm; sourceTree = "<group>"; };
		E43CA2AD23BBCB7A004EB5D8 /* ASLMemoryManagerTests.swift */ = {isa = PBXFileReference; lastKnownFileType = sourcecode.swift; path = ASLMemoryManagerTests.swift; sourceTree = "<group>"; };
		E43CA2AF23BBD6C8004EB5D8 /* ASLMemoryManagerProfile_Internal.h */ = {isa = PBXFileReference; lastKnownFileType = sourcecode.c.h; path = ASLMemoryManagerProfile_Internal.h; sourceTree = "<group>"; };
		E43CA2B023BBD780004EB5D8 /* ASLMemoryManagerProfileGlobal_Internal.h */ = {isa = PBXFileReference; lastKnownFileType = sourcecode.c.h; path = ASLMemoryManagerProfileGlobal_Internal.h; sourceTree = "<group>"; };
		E43CA2B523BC0A56004EB5D8 /* ASLMemoryManagerProfileThreadLocal_Internal.h */ = {isa = PBXFileReference; lastKnownFileType = sourcecode.c.h; path = ASLMemoryManagerProfileThreadLocal_Internal.h; sourceTree = "<group>"; };
		E43CA2B623BC0EF8004EB5D8 /* ASLMemoryManagerProfileFixed_Internal.h */ = {isa = PBXFileReference; lastKnownFileType = sourcecode.c.h; path = ASLMemoryManagerProfileFixed_Internal.h; sourceTree = "<group>"; };
		E453865223C167DF001EADB8 /* ASLCipherTextTests.swift */ = {isa = PBXFileReference; lastKnownFileType = sourcecode.swift; path = ASLCipherTextTests.swift; sourceTree = "<group>"; };
		E453865423C1F9E9001EADB8 /* ASLEncryptionParameters_Internal.h */ = {isa = PBXFileReference; lastKnownFileType = sourcecode.c.h; path = ASLEncryptionParameters_Internal.h; sourceTree = "<group>"; };
		E453865623C2509F001EADB8 /* ASLSealContextDataTests.swift */ = {isa = PBXFileReference; lastKnownFileType = sourcecode.swift; path = ASLSealContextDataTests.swift; sourceTree = "<group>"; };
		E453865823C25C61001EADB8 /* ASLCKKSEncoder.h */ = {isa = PBXFileReference; lastKnownFileType = sourcecode.c.h; path = ASLCKKSEncoder.h; sourceTree = "<group>"; };
		E453865923C25C61001EADB8 /* ASLCKKSEncoder.mm */ = {isa = PBXFileReference; lastKnownFileType = sourcecode.cpp.objcpp; path = ASLCKKSEncoder.mm; sourceTree = "<group>"; };
		E453866023C28307001EADB8 /* ASLPlainText_Internal.h */ = {isa = PBXFileReference; lastKnownFileType = sourcecode.c.h; path = ASLPlainText_Internal.h; sourceTree = "<group>"; };
		E47C292E23D3348C00AC70C9 /* ASLKSwitchKeysTests.swift */ = {isa = PBXFileReference; lastKnownFileType = sourcecode.swift; path = ASLKSwitchKeysTests.swift; sourceTree = "<group>"; };
		E47C293023D3393800AC70C9 /* ASLRelinearizationKeys.h */ = {isa = PBXFileReference; lastKnownFileType = sourcecode.c.h; path = ASLRelinearizationKeys.h; sourceTree = "<group>"; };
		E47C293123D3393800AC70C9 /* ASLRelinearizationKeys.mm */ = {isa = PBXFileReference; lastKnownFileType = sourcecode.cpp.objcpp; path = ASLRelinearizationKeys.mm; sourceTree = "<group>"; };
		E47C293423D33F7700AC70C9 /* ASLRelinearizationKeysTests.swift */ = {isa = PBXFileReference; lastKnownFileType = sourcecode.swift; path = ASLRelinearizationKeysTests.swift; sourceTree = "<group>"; };
		E47C293623D3548700AC70C9 /* ASLGaloisKeys.h */ = {isa = PBXFileReference; lastKnownFileType = sourcecode.c.h; path = ASLGaloisKeys.h; sourceTree = "<group>"; };
		E47C293723D3548700AC70C9 /* ASLGaloisKeys.mm */ = {isa = PBXFileReference; lastKnownFileType = sourcecode.cpp.objcpp; path = ASLGaloisKeys.mm; sourceTree = "<group>"; };
		E47C293A23D3554A00AC70C9 /* ASLGaloisKeysTests.swift */ = {isa = PBXFileReference; lastKnownFileType = sourcecode.swift; path = ASLGaloisKeysTests.swift; sourceTree = "<group>"; };
		E47C293C23D35C5200AC70C9 /* ASLIntegerEncoder.h */ = {isa = PBXFileReference; lastKnownFileType = sourcecode.c.h; path = ASLIntegerEncoder.h; sourceTree = "<group>"; };
		E47C293D23D35C5200AC70C9 /* ASLIntegerEncoder.mm */ = {isa = PBXFileReference; lastKnownFileType = sourcecode.cpp.objcpp; path = ASLIntegerEncoder.mm; sourceTree = "<group>"; };
		E47C294223D3A54000AC70C9 /* ASLKeyGenerator.h */ = {isa = PBXFileReference; lastKnownFileType = sourcecode.c.h; path = ASLKeyGenerator.h; sourceTree = "<group>"; };
		E47C294323D3A54000AC70C9 /* ASLKeyGenerator.mm */ = {isa = PBXFileReference; lastKnownFileType = sourcecode.cpp.objcpp; path = ASLKeyGenerator.mm; sourceTree = "<group>"; };
		E47C294A23D3BC4200AC70C9 /* ASLCoefficientModulus.h */ = {isa = PBXFileReference; lastKnownFileType = sourcecode.c.h; path = ASLCoefficientModulus.h; sourceTree = "<group>"; };
		E47C294B23D3BC4200AC70C9 /* ASLCoefficientModulus.mm */ = {isa = PBXFileReference; lastKnownFileType = sourcecode.cpp.objcpp; path = ASLCoefficientModulus.mm; sourceTree = "<group>"; };
		E47C294E23D3C33C00AC70C9 /* ASLCoefficientModulusTests.swift */ = {isa = PBXFileReference; lastKnownFileType = sourcecode.swift; path = ASLCoefficientModulusTests.swift; sourceTree = "<group>"; };
		E47C295023D3C76B00AC70C9 /* ASLPlainModulus.h */ = {isa = PBXFileReference; lastKnownFileType = sourcecode.c.h; path = ASLPlainModulus.h; sourceTree = "<group>"; };
		E47C295123D3C76B00AC70C9 /* ASLPlainModulus.mm */ = {isa = PBXFileReference; lastKnownFileType = sourcecode.cpp.objcpp; path = ASLPlainModulus.mm; sourceTree = "<group>"; };
		E47C295423D470BF00AC70C9 /* ASLPlainModulusTests.swift */ = {isa = PBXFileReference; lastKnownFileType = sourcecode.swift; path = ASLPlainModulusTests.swift; sourceTree = "<group>"; };
		E47C295A23D4AAF400AC70C9 /* ASLKSwitchKeys_Internal.h */ = {isa = PBXFileReference; lastKnownFileType = sourcecode.c.h; path = ASLKSwitchKeys_Internal.h; sourceTree = "<group>"; };
		E47C295C23D4AC8600AC70C9 /* ASLRelinearizationKeys_Internal.h */ = {isa = PBXFileReference; lastKnownFileType = sourcecode.c.h; path = ASLRelinearizationKeys_Internal.h; sourceTree = "<group>"; };
		E47C295E23D4AE7D00AC70C9 /* ASLGaloisKeys_Internal.h */ = {isa = PBXFileReference; lastKnownFileType = sourcecode.c.h; path = ASLGaloisKeys_Internal.h; sourceTree = "<group>"; };
		E47C296023D4B2B200AC70C9 /* ASLValidityChecker.h */ = {isa = PBXFileReference; lastKnownFileType = sourcecode.c.h; path = ASLValidityChecker.h; sourceTree = "<group>"; };
		E47C296123D4B2B200AC70C9 /* ASLValidityChecker.mm */ = {isa = PBXFileReference; lastKnownFileType = sourcecode.cpp.objcpp; path = ASLValidityChecker.mm; sourceTree = "<group>"; };
		E47C296423D4B32E00AC70C9 /* ASLValidityCheckerTests.swift */ = {isa = PBXFileReference; lastKnownFileType = sourcecode.swift; path = ASLValidityCheckerTests.swift; sourceTree = "<group>"; };
		E47C296623D4B88200AC70C9 /* NSError+CXXAdditions.h */ = {isa = PBXFileReference; lastKnownFileType = sourcecode.c.h; path = "NSError+CXXAdditions.h"; sourceTree = "<group>"; };
		E47C296723D4B88200AC70C9 /* NSError+CXXAdditions.mm */ = {isa = PBXFileReference; lastKnownFileType = sourcecode.cpp.objcpp; path = "NSError+CXXAdditions.mm"; sourceTree = "<group>"; };
		E47D97B5242E6CE90006FD07 /* ASLIntegerEncoderTests.swift */ = {isa = PBXFileReference; lastKnownFileType = sourcecode.swift; path = ASLIntegerEncoderTests.swift; sourceTree = "<group>"; };
		E47D97B724304B600006FD07 /* ASLKeyGeneratorTests.swift */ = {isa = PBXFileReference; lastKnownFileType = sourcecode.swift; path = ASLKeyGeneratorTests.swift; sourceTree = "<group>"; };
		E4B0953E23BC4AA000FF780D /* ASLParametersIdType.h */ = {isa = PBXFileReference; lastKnownFileType = sourcecode.c.h; path = ASLParametersIdType.h; sourceTree = "<group>"; };
		E4B0954223BC4F0100FF780D /* ASLParmsIdTypeTests.swift */ = {isa = PBXFileReference; lastKnownFileType = sourcecode.swift; path = ASLParmsIdTypeTests.swift; sourceTree = "<group>"; };
		E4B0954423BCE2D800FF780D /* ASLPlainText.h */ = {isa = PBXFileReference; lastKnownFileType = sourcecode.c.h; path = ASLPlainText.h; sourceTree = "<group>"; };
		E4B0954523BCE2D800FF780D /* ASLPlainText.mm */ = {isa = PBXFileReference; lastKnownFileType = sourcecode.cpp.objcpp; path = ASLPlainText.mm; sourceTree = "<group>"; };
		E4B0954823BD0AE300FF780D /* ASLPlainTextTests.swift */ = {isa = PBXFileReference; lastKnownFileType = sourcecode.swift; path = ASLPlainTextTests.swift; sourceTree = "<group>"; };
		E4B0954A23BD5B3700FF780D /* ASLCipherText.h */ = {isa = PBXFileReference; lastKnownFileType = sourcecode.c.h; path = ASLCipherText.h; sourceTree = "<group>"; };
		E4B0954B23BD5B3700FF780D /* ASLCipherText.mm */ = {isa = PBXFileReference; lastKnownFileType = sourcecode.cpp.objcpp; path = ASLCipherText.mm; sourceTree = "<group>"; };
		E4B0955323BD7CB400FF780D /* ASLSealContext_Internal.h */ = {isa = PBXFileReference; lastKnownFileType = sourcecode.c.h; path = ASLSealContext_Internal.h; sourceTree = "<group>"; };
		E4B6485624173F73002038B1 /* ASLBigUInt_Internal.h */ = {isa = PBXFileReference; lastKnownFileType = sourcecode.c.h; path = ASLBigUInt_Internal.h; sourceTree = "<group>"; };
		E4B64858241DCF1E002038B1 /* ASLBatchEncoderTests.swift */ = {isa = PBXFileReference; lastKnownFileType = sourcecode.swift; path = ASLBatchEncoderTests.swift; sourceTree = "<group>"; };
		E4B6485A241DD129002038B1 /* ASLBatchEncoder.h */ = {isa = PBXFileReference; lastKnownFileType = sourcecode.c.h; path = ASLBatchEncoder.h; sourceTree = "<group>"; };
		E4BA55A023B8131F0067EBBC /* NSString+CXXAdditions.h */ = {isa = PBXFileReference; lastKnownFileType = sourcecode.c.h; path = "NSString+CXXAdditions.h"; sourceTree = "<group>"; };
		E4BA55A123B8131F0067EBBC /* NSString+CXXAdditions.mm */ = {isa = PBXFileReference; lastKnownFileType = sourcecode.cpp.objcpp; path = "NSString+CXXAdditions.mm"; sourceTree = "<group>"; };
		E4BA55AD23B8F23D0067EBBC /* ASLSmallModulusTests.swift */ = {isa = PBXFileReference; lastKnownFileType = sourcecode.swift; path = ASLSmallModulusTests.swift; sourceTree = "<group>"; };
		E4BA55B023B8F5840067EBBC /* ASLSmallModulus.h */ = {isa = PBXFileReference; lastKnownFileType = sourcecode.c.h; path = ASLSmallModulus.h; sourceTree = "<group>"; };
		E4BA55B123B8F5840067EBBC /* ASLSmallModulus.mm */ = {isa = PBXFileReference; lastKnownFileType = sourcecode.cpp.objcpp; path = ASLSmallModulus.mm; sourceTree = "<group>"; };
		E4FFD41824268A6D00D4BDA7 /* ASLDecryptorTests.swift */ = {isa = PBXFileReference; lastKnownFileType = sourcecode.swift; path = ASLDecryptorTests.swift; sourceTree = "<group>"; };
		E4FFD41A24279AA000D4BDA7 /* ASLEncryptorTests.swift */ = {isa = PBXFileReference; lastKnownFileType = sourcecode.swift; path = ASLEncryptorTests.swift; sourceTree = "<group>"; };
		E4FFD41C242AFD0E00D4BDA7 /* ASLEvaluatorTests.swift */ = {isa = PBXFileReference; lastKnownFileType = sourcecode.swift; path = ASLEvaluatorTests.swift; sourceTree = "<group>"; };
/* End PBXFileReference section */

/* Begin PBXFrameworksBuildPhase section */
		E4271A0123B7F86400B08B37 /* Frameworks */ = {
			isa = PBXFrameworksBuildPhase;
			buildActionMask = 2147483647;
			files = (
				E4271A3323B800B700B08B37 /* libz.tbd in Frameworks */,
			);
			runOnlyForDeploymentPostprocessing = 0;
		};
		E4271A0A23B7F86500B08B37 /* Frameworks */ = {
			isa = PBXFrameworksBuildPhase;
			buildActionMask = 2147483647;
			files = (
				E4271A0E23B7F86500B08B37 /* AppleSeal.framework in Frameworks */,
			);
			runOnlyForDeploymentPostprocessing = 0;
		};
/* End PBXFrameworksBuildPhase section */

/* Begin PBXGroup section */
		E42719FA23B7F86400B08B37 = {
			isa = PBXGroup;
			children = (
				E4271A0623B7F86400B08B37 /* AppleSeal */,
				E4271A1123B7F86500B08B37 /* AppleSealTests */,
				E4271A0523B7F86400B08B37 /* Products */,
				E4271A3123B800B700B08B37 /* Frameworks */,
			);
			sourceTree = "<group>";
		};
		E4271A0523B7F86400B08B37 /* Products */ = {
			isa = PBXGroup;
			children = (
				E4271A0423B7F86400B08B37 /* AppleSeal.framework */,
				E4271A0D23B7F86500B08B37 /* AppleSealTests.xctest */,
			);
			name = Products;
			sourceTree = "<group>";
		};
		E4271A0623B7F86400B08B37 /* AppleSeal */ = {
			isa = PBXGroup;
			children = (
				E4271A0723B7F86400B08B37 /* AppleSeal.h */,
				E4758C2923B9349C00469922 /* Extensions */,
				E4271A2C23B7FEDE00B08B37 /* Classes */,
				E4271A0823B7F86400B08B37 /* Info.plist */,
			);
			path = AppleSeal;
			sourceTree = "<group>";
		};
		E4271A1123B7F86500B08B37 /* AppleSealTests */ = {
			isa = PBXGroup;
			children = (
				E4B64858241DCF1E002038B1 /* ASLBatchEncoderTests.swift */,
				E4271A1223B7F86500B08B37 /* ASLBigUIntTests.swift */,
				E453865223C167DF001EADB8 /* ASLCipherTextTests.swift */,
				E4BA55AD23B8F23D0067EBBC /* ASLSmallModulusTests.swift */,
				E43CA28223BA2BA4004EB5D8 /* ASLSealContextTests.swift */,
				E453865623C2509F001EADB8 /* ASLSealContextDataTests.swift */,
				E43CA28423BA2D01004EB5D8 /* ASLEncryptionParametersTests.swift */,
				E43CA28B23BA7C8E004EB5D8 /* ASLMemoryPoolHandleTests.swift */,
				E43CA29323BA9E9F004EB5D8 /* ASLMemoryManagerProfileGlobalTests.swift */,
				E43CA29D23BBAE49004EB5D8 /* ASLMemoryManagerProfileFixedTests.swift */,
				E43CA2A723BBBB68004EB5D8 /* ASLMemoryManagerProfileThreadLocalTests.swift */,
				E43CA2AD23BBCB7A004EB5D8 /* ASLMemoryManagerTests.swift */,
				E4B0954223BC4F0100FF780D /* ASLParmsIdTypeTests.swift */,
				E4B0954823BD0AE300FF780D /* ASLPlainTextTests.swift */,
				E410F08423C93183001957A0 /* ASLComplexTypeTests.swift */,
				E410F08D23C93D33001957A0 /* ASLCKKSEncoderTests.swift */,
				E410F09B23CA2F88001957A0 /* ASLSecretKeyTests.swift */,
				E410F0A923CA6C3A001957A0 /* ASLPublicKeyTests.swift */,
				E47C292E23D3348C00AC70C9 /* ASLKSwitchKeysTests.swift */,
				E47C293423D33F7700AC70C9 /* ASLRelinearizationKeysTests.swift */,
				E47C293A23D3554A00AC70C9 /* ASLGaloisKeysTests.swift */,
				E47C294E23D3C33C00AC70C9 /* ASLCoefficientModulusTests.swift */,
				E47C295423D470BF00AC70C9 /* ASLPlainModulusTests.swift */,
				E47C296423D4B32E00AC70C9 /* ASLValidityCheckerTests.swift */,
				E4271A1423B7F86500B08B37 /* Info.plist */,
				E4FFD41824268A6D00D4BDA7 /* ASLDecryptorTests.swift */,
				E4FFD41A24279AA000D4BDA7 /* ASLEncryptorTests.swift */,
				E4FFD41C242AFD0E00D4BDA7 /* ASLEvaluatorTests.swift */,
				E47D97B5242E6CE90006FD07 /* ASLIntegerEncoderTests.swift */,
				E47D97B724304B600006FD07 /* ASLKeyGeneratorTests.swift */,
			);
			path = AppleSealTests;
			sourceTree = "<group>";
		};
		E4271A2C23B7FEDE00B08B37 /* Classes */ = {
			isa = PBXGroup;
			children = (
				E4B6485A241DD129002038B1 /* ASLBatchEncoder.h */,
				E410F09023C96265001957A0 /* ASLBatchEncoder.mm */,
				E4B6485624173F73002038B1 /* ASLBigUInt_Internal.h */,
				E4271A3823B8071D00B08B37 /* ASLBigUInt.h */,
				E4271A3923B8071D00B08B37 /* ASLBigUInt.mm */,
				E410F0A723CA6775001957A0 /* ASLCipherText_Internal.h */,
				E4B0954A23BD5B3700FF780D /* ASLCipherText.h */,
				E4B0954B23BD5B3700FF780D /* ASLCipherText.mm */,
				E453865823C25C61001EADB8 /* ASLCKKSEncoder.h */,
				E453865923C25C61001EADB8 /* ASLCKKSEncoder.mm */,
				E47C294A23D3BC4200AC70C9 /* ASLCoefficientModulus.h */,
				E47C294B23D3BC4200AC70C9 /* ASLCoefficientModulus.mm */,
				E410F08B23C93666001957A0 /* ASLComplexType_Internal.h */,
				E410F08723C93304001957A0 /* ASLComplexType.h */,
				E410F08823C93304001957A0 /* ASLComplexType.mm */,
				E410F09323CA1A3D001957A0 /* ASLDecryptor.h */,
				E410F09423CA1A3D001957A0 /* ASLDecryptor.mm */,
				E453865423C1F9E9001EADB8 /* ASLEncryptionParameters_Internal.h */,
				E43CA27C23B99DC3004EB5D8 /* ASLEncryptionParameters.h */,
				E43CA27D23B99DC3004EB5D8 /* ASLEncryptionParameters.mm */,
				E410F09F23CA5F08001957A0 /* ASLEncryptor.h */,
				E410F0A023CA5F08001957A0 /* ASLEncryptor.mm */,
				E410F0B123CBFE92001957A0 /* ASLEvaluator.h */,
				E410F0B223CBFE92001957A0 /* ASLEvaluator.mm */,
				E47C295E23D4AE7D00AC70C9 /* ASLGaloisKeys_Internal.h */,
				E47C293623D3548700AC70C9 /* ASLGaloisKeys.h */,
				E47C293723D3548700AC70C9 /* ASLGaloisKeys.mm */,
				E47C293C23D35C5200AC70C9 /* ASLIntegerEncoder.h */,
				E47C293D23D35C5200AC70C9 /* ASLIntegerEncoder.mm */,
				E47C294223D3A54000AC70C9 /* ASLKeyGenerator.h */,
				E47C294323D3A54000AC70C9 /* ASLKeyGenerator.mm */,
				E47C295A23D4AAF400AC70C9 /* ASLKSwitchKeys_Internal.h */,
				E410F0B523CC02E5001957A0 /* ASLKSwitchKeys.h */,
				E410F0B623CC02E5001957A0 /* ASLKSwitchKeys.mm */,
				E43CA2A923BBC041004EB5D8 /* ASLMemoryManager.h */,
				E43CA2AA23BBC041004EB5D8 /* ASLMemoryManager.mm */,
				E43CA2AF23BBD6C8004EB5D8 /* ASLMemoryManagerProfile_Internal.h */,
				E43CA28D23BA929C004EB5D8 /* ASLMemoryManagerProfile.h */,
				E43CA2B623BC0EF8004EB5D8 /* ASLMemoryManagerProfileFixed_Internal.h */,
				E43CA29923BAA076004EB5D8 /* ASLMemoryManagerProfileFixed.h */,
				E43CA29A23BAA076004EB5D8 /* ASLMemoryManagerProfileFixed.mm */,
				E43CA2B023BBD780004EB5D8 /* ASLMemoryManagerProfileGlobal_Internal.h */,
				E43CA29523BA9F7E004EB5D8 /* ASLMemoryManagerProfileGlobal.h */,
				E43CA29623BA9F7E004EB5D8 /* ASLMemoryManagerProfileGlobal.mm */,
				E43CA2B523BC0A56004EB5D8 /* ASLMemoryManagerProfileThreadLocal_Internal.h */,
				E43CA2A323BBBAD0004EB5D8 /* ASLMemoryManagerProfileThreadLocal.h */,
				E43CA2A423BBBAD0004EB5D8 /* ASLMemoryManagerProfileThreadLocal.mm */,
				E43CA28A23BA7A74004EB5D8 /* ASLMemoryPoolHandle_Internal.h */,
				E43CA28623BA765B004EB5D8 /* ASLMemoryPoolHandle.h */,
				E43CA28723BA765B004EB5D8 /* ASLMemoryPoolHandle.mm */,
				E4B0953E23BC4AA000FF780D /* ASLParametersIdType.h */,
				E47C295023D3C76B00AC70C9 /* ASLPlainModulus.h */,
				E47C295123D3C76B00AC70C9 /* ASLPlainModulus.mm */,
				E453866023C28307001EADB8 /* ASLPlainText_Internal.h */,
				E4B0954423BCE2D800FF780D /* ASLPlainText.h */,
				E4B0954523BCE2D800FF780D /* ASLPlainText.mm */,
				E410F0AF23CB9595001957A0 /* ASLPublicKey_Internal.h */,
				E410F0A323CA6292001957A0 /* ASLPublicKey.h */,
				E410F0A423CA6292001957A0 /* ASLPublicKey.mm */,
				E47C295C23D4AC8600AC70C9 /* ASLRelinearizationKeys_Internal.h */,
				E47C293023D3393800AC70C9 /* ASLRelinearizationKeys.h */,
				E47C293123D3393800AC70C9 /* ASLRelinearizationKeys.mm */,
				E4B0955323BD7CB400FF780D /* ASLSealContext_Internal.h */,
				E43CA27223B9960A004EB5D8 /* ASLSealContext.h */,
				E43CA27323B9960A004EB5D8 /* ASLSealContext.mm */,
				E43CA27A23B99B92004EB5D8 /* ASLSealContextData_Internal.h */,
				E43CA27623B99AA9004EB5D8 /* ASLSealContextData.h */,
				E43CA27723B99AA9004EB5D8 /* ASLSealContextData.mm */,
				E410F09D23CA3125001957A0 /* ASLSecretKey_Internal.h */,
				E410F09723CA2485001957A0 /* ASLSecretKey.h */,
				E410F09823CA2485001957A0 /* ASLSecretKey.mm */,
				E43CA28023B9A89D004EB5D8 /* ASLSmallModulus_Internal.h */,
				E4BA55B023B8F5840067EBBC /* ASLSmallModulus.h */,
				E4BA55B123B8F5840067EBBC /* ASLSmallModulus.mm */,
				E47C296023D4B2B200AC70C9 /* ASLValidityChecker.h */,
				E47C296123D4B2B200AC70C9 /* ASLValidityChecker.mm */,
			);
			path = Classes;
			sourceTree = "<group>";
		};
		E4271A3123B800B700B08B37 /* Frameworks */ = {
			isa = PBXGroup;
			children = (
				E4271A3223B800B700B08B37 /* libz.tbd */,
			);
			name = Frameworks;
			sourceTree = "<group>";
		};
		E4758C2923B9349C00469922 /* Extensions */ = {
			isa = PBXGroup;
			children = (
				E4BA55A023B8131F0067EBBC /* NSString+CXXAdditions.h */,
				E4BA55A123B8131F0067EBBC /* NSString+CXXAdditions.mm */,
				E47C296623D4B88200AC70C9 /* NSError+CXXAdditions.h */,
				E47C296723D4B88200AC70C9 /* NSError+CXXAdditions.mm */,
			);
			path = Extensions;
			sourceTree = "<group>";
		};
/* End PBXGroup section */

/* Begin PBXHeadersBuildPhase section */
		E42719FF23B7F86400B08B37 /* Headers */ = {
			isa = PBXHeadersBuildPhase;
			buildActionMask = 2147483647;
			files = (
				E47C295B23D4AAF400AC70C9 /* ASLKSwitchKeys_Internal.h in Headers */,
				E47C293223D3393800AC70C9 /* ASLRelinearizationKeys.h in Headers */,
				E43CA27B23B99C5B004EB5D8 /* ASLSealContextData_Internal.h in Headers */,
				E410F09923CA2485001957A0 /* ASLSecretKey.h in Headers */,
				E47C296223D4B2B200AC70C9 /* ASLValidityChecker.h in Headers */,
				E43CA28123B9A89D004EB5D8 /* ASLSmallModulus_Internal.h in Headers */,
				E410F09E23CA3125001957A0 /* ASLSecretKey_Internal.h in Headers */,
				E4271A3A23B8071D00B08B37 /* ASLBigUInt.h in Headers */,
				E4B0954623BCE2D800FF780D /* ASLPlainText.h in Headers */,
				E4BA55A223B8131F0067EBBC /* NSString+CXXAdditions.h in Headers */,
				E410F0A523CA6292001957A0 /* ASLPublicKey.h in Headers */,
				E43CA28823BA765B004EB5D8 /* ASLMemoryPoolHandle.h in Headers */,
				E47C295F23D4AE8000AC70C9 /* ASLGaloisKeys_Internal.h in Headers */,
				E453865A23C25C61001EADB8 /* ASLCKKSEncoder.h in Headers */,
				E4B6485724174070002038B1 /* ASLBigUInt_Internal.h in Headers */,
				E43CA27823B99AA9004EB5D8 /* ASLSealContextData.h in Headers */,
				E4B0954C23BD5B3700FF780D /* ASLCipherText.h in Headers */,
				E47C293823D3548700AC70C9 /* ASLGaloisKeys.h in Headers */,
				E453865523C1F9EC001EADB8 /* ASLEncryptionParameters_Internal.h in Headers */,
				E43CA2A523BBBAD0004EB5D8 /* ASLMemoryManagerProfileThreadLocal.h in Headers */,
				E4BA55B523B900D70067EBBC /* ASLSmallModulus.h in Headers */,
				E4B0954023BC4AA000FF780D /* ASLParametersIdType.h in Headers */,
				E47C295223D3C76B00AC70C9 /* ASLPlainModulus.h in Headers */,
				E410F0B023CB9595001957A0 /* ASLPublicKey_Internal.h in Headers */,
				E43CA29B23BAA076004EB5D8 /* ASLMemoryManagerProfileFixed.h in Headers */,
				E410F08923C93304001957A0 /* ASLComplexType.h in Headers */,
				E43CA27423B9960A004EB5D8 /* ASLSealContext.h in Headers */,
				E43CA29723BA9F7E004EB5D8 /* ASLMemoryManagerProfileGlobal.h in Headers */,
				E47C295D23D4AC8600AC70C9 /* ASLRelinearizationKeys_Internal.h in Headers */,
				E43CA27E23B99DC3004EB5D8 /* ASLEncryptionParameters.h in Headers */,
				E4B6485B241DD129002038B1 /* ASLBatchEncoder.h in Headers */,
				E410F0B323CBFE92001957A0 /* ASLEvaluator.h in Headers */,
				E4271A1523B7F86500B08B37 /* AppleSeal.h in Headers */,
				E47C293E23D35C5200AC70C9 /* ASLIntegerEncoder.h in Headers */,
				E410F0A123CA5F08001957A0 /* ASLEncryptor.h in Headers */,
				E410F0A823CA6775001957A0 /* ASLCipherText_Internal.h in Headers */,
				E410F0B723CC02E5001957A0 /* ASLKSwitchKeys.h in Headers */,
				E43CA28E23BA929C004EB5D8 /* ASLMemoryManagerProfile.h in Headers */,
				E47C294423D3A54000AC70C9 /* ASLKeyGenerator.h in Headers */,
				E47C296823D4B88200AC70C9 /* NSError+CXXAdditions.h in Headers */,
				E47C294C23D3BC4200AC70C9 /* ASLCoefficientModulus.h in Headers */,
				E453866123C28307001EADB8 /* ASLPlainText_Internal.h in Headers */,
				E43CA2AB23BBC041004EB5D8 /* ASLMemoryManager.h in Headers */,
				E410F08C23C93666001957A0 /* ASLComplexType_Internal.h in Headers */,
				E410F09523CA1A3D001957A0 /* ASLDecryptor.h in Headers */,
			);
			runOnlyForDeploymentPostprocessing = 0;
		};
/* End PBXHeadersBuildPhase section */

/* Begin PBXLegacyTarget section */
		E4271A1E23B7F8C500B08B37 /* SealMakefiles */ = {
			isa = PBXLegacyTarget;
			buildArgumentsString = ". -DCMAKE_INSTALL_PREFIX=../../../AppleSeal/library";
			buildConfigurationList = E4271A1F23B7F8C500B08B37 /* Build configuration list for PBXLegacyTarget "SealMakefiles" */;
			buildPhases = (
			);
			buildToolPath = /usr/local/bin/cmake;
			buildWorkingDirectory = ../SEAL/native/src;
			dependencies = (
			);
			name = SealMakefiles;
			passBuildSettingsInEnvironment = 1;
			productName = Seal;
		};
		E4271A2423B7FAB400B08B37 /* seal */ = {
			isa = PBXLegacyTarget;
			buildArgumentsString = install;
			buildConfigurationList = E4271A2523B7FAB400B08B37 /* Build configuration list for PBXLegacyTarget "seal" */;
			buildPhases = (
			);
			buildToolPath = /usr/bin/make;
			buildWorkingDirectory = ../SEAL/native/src;
			dependencies = (
				E4271A2B23B7FAD000B08B37 /* PBXTargetDependency */,
			);
			name = seal;
			passBuildSettingsInEnvironment = 1;
			productName = seal;
		};
/* End PBXLegacyTarget section */

/* Begin PBXNativeTarget section */
		E4271A0323B7F86400B08B37 /* AppleSeal */ = {
			isa = PBXNativeTarget;
			buildConfigurationList = E4271A1823B7F86500B08B37 /* Build configuration list for PBXNativeTarget "AppleSeal" */;
			buildPhases = (
				E42719FF23B7F86400B08B37 /* Headers */,
				E4271A0023B7F86400B08B37 /* Sources */,
				E4271A0123B7F86400B08B37 /* Frameworks */,
				E4271A0223B7F86400B08B37 /* Resources */,
			);
			buildRules = (
			);
			dependencies = (
				E4271A2923B7FACA00B08B37 /* PBXTargetDependency */,
			);
			name = AppleSeal;
			productName = AppleSeal;
			productReference = E4271A0423B7F86400B08B37 /* AppleSeal.framework */;
			productType = "com.apple.product-type.framework";
		};
		E4271A0C23B7F86500B08B37 /* AppleSealTests */ = {
			isa = PBXNativeTarget;
			buildConfigurationList = E4271A1B23B7F86500B08B37 /* Build configuration list for PBXNativeTarget "AppleSealTests" */;
			buildPhases = (
				E4271A0923B7F86500B08B37 /* Sources */,
				E4271A0A23B7F86500B08B37 /* Frameworks */,
				E4271A0B23B7F86500B08B37 /* Resources */,
			);
			buildRules = (
			);
			dependencies = (
				E4271A1023B7F86500B08B37 /* PBXTargetDependency */,
			);
			name = AppleSealTests;
			productName = AppleSealTests;
			productReference = E4271A0D23B7F86500B08B37 /* AppleSealTests.xctest */;
			productType = "com.apple.product-type.bundle.unit-test";
		};
/* End PBXNativeTarget section */

/* Begin PBXProject section */
		E42719FB23B7F86400B08B37 /* Project object */ = {
			isa = PBXProject;
			attributes = {
				LastUpgradeCheck = 1130;
				ORGANIZATIONNAME = "Mark Mroz";
				TargetAttributes = {
					E4271A0323B7F86400B08B37 = {
						CreatedOnToolsVersion = 11.3;
					};
					E4271A0C23B7F86500B08B37 = {
						CreatedOnToolsVersion = 11.3;
					};
					E4271A1E23B7F8C500B08B37 = {
						CreatedOnToolsVersion = 11.3;
					};
					E4271A2423B7FAB400B08B37 = {
						CreatedOnToolsVersion = 11.3;
					};
				};
			};
			buildConfigurationList = E42719FE23B7F86400B08B37 /* Build configuration list for PBXProject "AppleSeal" */;
			compatibilityVersion = "Xcode 9.3";
			developmentRegion = en;
			hasScannedForEncodings = 0;
			knownRegions = (
				en,
				Base,
			);
			mainGroup = E42719FA23B7F86400B08B37;
			productRefGroup = E4271A0523B7F86400B08B37 /* Products */;
			projectDirPath = "";
			projectRoot = "";
			targets = (
				E4271A0323B7F86400B08B37 /* AppleSeal */,
				E4271A0C23B7F86500B08B37 /* AppleSealTests */,
				E4271A1E23B7F8C500B08B37 /* SealMakefiles */,
				E4271A2423B7FAB400B08B37 /* seal */,
			);
		};
/* End PBXProject section */

/* Begin PBXResourcesBuildPhase section */
		E4271A0223B7F86400B08B37 /* Resources */ = {
			isa = PBXResourcesBuildPhase;
			buildActionMask = 2147483647;
			files = (
			);
			runOnlyForDeploymentPostprocessing = 0;
		};
		E4271A0B23B7F86500B08B37 /* Resources */ = {
			isa = PBXResourcesBuildPhase;
			buildActionMask = 2147483647;
			files = (
			);
			runOnlyForDeploymentPostprocessing = 0;
		};
/* End PBXResourcesBuildPhase section */

/* Begin PBXSourcesBuildPhase section */
		E4271A0023B7F86400B08B37 /* Sources */ = {
			isa = PBXSourcesBuildPhase;
			buildActionMask = 2147483647;
			files = (
				E410F0B823CC02E5001957A0 /* ASLKSwitchKeys.mm in Sources */,
				E410F09A23CA2485001957A0 /* ASLSecretKey.mm in Sources */,
				E410F0A623CA6292001957A0 /* ASLPublicKey.mm in Sources */,
				E43CA29C23BAA076004EB5D8 /* ASLMemoryManagerProfileFixed.mm in Sources */,
				E410F09623CA1A3D001957A0 /* ASLDecryptor.mm in Sources */,
				E47C293923D3548700AC70C9 /* ASLGaloisKeys.mm in Sources */,
				E453865B23C25C61001EADB8 /* ASLCKKSEncoder.mm in Sources */,
				E4BA55B323B8F5840067EBBC /* ASLSmallModulus.mm in Sources */,
				E47C293323D3393800AC70C9 /* ASLRelinearizationKeys.mm in Sources */,
				E47C295323D3C76B00AC70C9 /* ASLPlainModulus.mm in Sources */,
				E47C296323D4B2B200AC70C9 /* ASLValidityChecker.mm in Sources */,
				E43CA29823BA9F7E004EB5D8 /* ASLMemoryManagerProfileGlobal.mm in Sources */,
				E43CA28923BA765B004EB5D8 /* ASLMemoryPoolHandle.mm in Sources */,
				E47C293F23D35C5200AC70C9 /* ASLIntegerEncoder.mm in Sources */,
				E43CA27523B9960A004EB5D8 /* ASLSealContext.mm in Sources */,
				E43CA2A623BBBAD0004EB5D8 /* ASLMemoryManagerProfileThreadLocal.mm in Sources */,
				E47C294D23D3BC4200AC70C9 /* ASLCoefficientModulus.mm in Sources */,
				E47C294523D3A54000AC70C9 /* ASLKeyGenerator.mm in Sources */,
				E410F0B423CBFE92001957A0 /* ASLEvaluator.mm in Sources */,
				E4B0954723BCE2D800FF780D /* ASLPlainText.mm in Sources */,
				E410F0A223CA5F08001957A0 /* ASLEncryptor.mm in Sources */,
				E43CA27923B99AA9004EB5D8 /* ASLSealContextData.mm in Sources */,
				E4271A3B23B8071D00B08B37 /* ASLBigUInt.mm in Sources */,
				E4B0954D23BD5B3700FF780D /* ASLCipherText.mm in Sources */,
				E4BA55A323B8131F0067EBBC /* NSString+CXXAdditions.mm in Sources */,
				E43CA27F23B99DC3004EB5D8 /* ASLEncryptionParameters.mm in Sources */,
				E43CA2AC23BBC041004EB5D8 /* ASLMemoryManager.mm in Sources */,
				E47C296923D4B88200AC70C9 /* NSError+CXXAdditions.mm in Sources */,
				E410F09223C96265001957A0 /* ASLBatchEncoder.mm in Sources */,
				E410F08A23C93304001957A0 /* ASLComplexType.mm in Sources */,
			);
			runOnlyForDeploymentPostprocessing = 0;
		};
		E4271A0923B7F86500B08B37 /* Sources */ = {
			isa = PBXSourcesBuildPhase;
			buildActionMask = 2147483647;
			files = (
				E47D97B824304B600006FD07 /* ASLKeyGeneratorTests.swift in Sources */,
				E43CA29423BA9E9F004EB5D8 /* ASLMemoryManagerProfileGlobalTests.swift in Sources */,
				E4B0954323BC4F0100FF780D /* ASLParmsIdTypeTests.swift in Sources */,
				E47C294F23D3C33C00AC70C9 /* ASLCoefficientModulusTests.swift in Sources */,
				E453865323C167DF001EADB8 /* ASLCipherTextTests.swift in Sources */,
				E47C296523D4B32E00AC70C9 /* ASLValidityCheckerTests.swift in Sources */,
				E410F08523C93183001957A0 /* ASLComplexTypeTests.swift in Sources */,
				E47C295523D470BF00AC70C9 /* ASLPlainModulusTests.swift in Sources */,
				E4FFD41924268A6D00D4BDA7 /* ASLDecryptorTests.swift in Sources */,
				E410F09C23CA2F88001957A0 /* ASLSecretKeyTests.swift in Sources */,
				E4FFD41B24279AA000D4BDA7 /* ASLEncryptorTests.swift in Sources */,
				E47C293B23D3554A00AC70C9 /* ASLGaloisKeysTests.swift in Sources */,
				E43CA28C23BA7C8E004EB5D8 /* ASLMemoryPoolHandleTests.swift in Sources */,
				E47D97B6242E6CE90006FD07 /* ASLIntegerEncoderTests.swift in Sources */,
				E4B64859241DCF1E002038B1 /* ASLBatchEncoderTests.swift in Sources */,
				E43CA28323BA2BA4004EB5D8 /* ASLSealContextTests.swift in Sources */,
				E43CA2A823BBBB68004EB5D8 /* ASLMemoryManagerProfileThreadLocalTests.swift in Sources */,
				E47C293523D33F7700AC70C9 /* ASLRelinearizationKeysTests.swift in Sources */,
				E453865723C2509F001EADB8 /* ASLSealContextDataTests.swift in Sources */,
				E4B0954923BD0AE300FF780D /* ASLPlainTextTests.swift in Sources */,
				E43CA29E23BBAE49004EB5D8 /* ASLMemoryManagerProfileFixedTests.swift in Sources */,
				E4FFD41D242AFD0E00D4BDA7 /* ASLEvaluatorTests.swift in Sources */,
				E4BA55AE23B8F23D0067EBBC /* ASLSmallModulusTests.swift in Sources */,
				E47C292F23D3348C00AC70C9 /* ASLKSwitchKeysTests.swift in Sources */,
				E43CA2AE23BBCB7A004EB5D8 /* ASLMemoryManagerTests.swift in Sources */,
				E410F08E23C93D33001957A0 /* ASLCKKSEncoderTests.swift in Sources */,
				E410F0AA23CA6C3A001957A0 /* ASLPublicKeyTests.swift in Sources */,
				E4271A1323B7F86500B08B37 /* ASLBigUIntTests.swift in Sources */,
				E43CA28523BA2D01004EB5D8 /* ASLEncryptionParametersTests.swift in Sources */,
			);
			runOnlyForDeploymentPostprocessing = 0;
		};
/* End PBXSourcesBuildPhase section */

/* Begin PBXTargetDependency section */
		E4271A1023B7F86500B08B37 /* PBXTargetDependency */ = {
			isa = PBXTargetDependency;
			target = E4271A0323B7F86400B08B37 /* AppleSeal */;
			targetProxy = E4271A0F23B7F86500B08B37 /* PBXContainerItemProxy */;
		};
		E4271A2923B7FACA00B08B37 /* PBXTargetDependency */ = {
			isa = PBXTargetDependency;
			target = E4271A2423B7FAB400B08B37 /* seal */;
			targetProxy = E4271A2823B7FACA00B08B37 /* PBXContainerItemProxy */;
		};
		E4271A2B23B7FAD000B08B37 /* PBXTargetDependency */ = {
			isa = PBXTargetDependency;
			target = E4271A1E23B7F8C500B08B37 /* SealMakefiles */;
			targetProxy = E4271A2A23B7FAD000B08B37 /* PBXContainerItemProxy */;
		};
/* End PBXTargetDependency section */

/* Begin XCBuildConfiguration section */
		E4271A1623B7F86500B08B37 /* Debug */ = {
			isa = XCBuildConfiguration;
			buildSettings = {
				ALWAYS_SEARCH_USER_PATHS = NO;
				CLANG_ANALYZER_NONNULL = YES;
				CLANG_ANALYZER_NUMBER_OBJECT_CONVERSION = YES_AGGRESSIVE;
				CLANG_CXX_LANGUAGE_STANDARD = "gnu++17";
				CLANG_CXX_LIBRARY = "libc++";
				CLANG_ENABLE_MODULES = YES;
				CLANG_ENABLE_OBJC_ARC = YES;
				CLANG_ENABLE_OBJC_WEAK = YES;
				CLANG_WARN_BLOCK_CAPTURE_AUTORELEASING = YES;
				CLANG_WARN_BOOL_CONVERSION = YES;
				CLANG_WARN_COMMA = YES;
				CLANG_WARN_CONSTANT_CONVERSION = YES;
				CLANG_WARN_DEPRECATED_OBJC_IMPLEMENTATIONS = YES;
				CLANG_WARN_DIRECT_OBJC_ISA_USAGE = YES_ERROR;
				CLANG_WARN_DOCUMENTATION_COMMENTS = YES;
				CLANG_WARN_EMPTY_BODY = YES;
				CLANG_WARN_ENUM_CONVERSION = YES;
				CLANG_WARN_INFINITE_RECURSION = YES;
				CLANG_WARN_INT_CONVERSION = YES;
				CLANG_WARN_NON_LITERAL_NULL_CONVERSION = YES;
				CLANG_WARN_OBJC_IMPLICIT_RETAIN_SELF = YES;
				CLANG_WARN_OBJC_LITERAL_CONVERSION = YES;
				CLANG_WARN_OBJC_ROOT_CLASS = YES_ERROR;
				CLANG_WARN_RANGE_LOOP_ANALYSIS = YES;
				CLANG_WARN_STRICT_PROTOTYPES = YES;
				CLANG_WARN_SUSPICIOUS_MOVE = YES;
				CLANG_WARN_UNGUARDED_AVAILABILITY = YES_AGGRESSIVE;
				CLANG_WARN_UNREACHABLE_CODE = YES;
				CLANG_WARN__DUPLICATE_METHOD_MATCH = YES;
				COPY_PHASE_STRIP = NO;
				CURRENT_PROJECT_VERSION = 1;
				DEBUG_INFORMATION_FORMAT = dwarf;
				ENABLE_STRICT_OBJC_MSGSEND = YES;
				ENABLE_TESTABILITY = YES;
				GCC_C_LANGUAGE_STANDARD = gnu11;
				GCC_DYNAMIC_NO_PIC = NO;
				GCC_NO_COMMON_BLOCKS = YES;
				GCC_OPTIMIZATION_LEVEL = 0;
				GCC_PREPROCESSOR_DEFINITIONS = (
					"DEBUG=1",
					"$(inherited)",
				);
				GCC_WARN_64_TO_32_BIT_CONVERSION = YES;
				GCC_WARN_ABOUT_RETURN_TYPE = YES_ERROR;
				GCC_WARN_UNDECLARED_SELECTOR = YES;
				GCC_WARN_UNINITIALIZED_AUTOS = YES_AGGRESSIVE;
				GCC_WARN_UNUSED_FUNCTION = YES;
				GCC_WARN_UNUSED_VARIABLE = YES;
				IPHONEOS_DEPLOYMENT_TARGET = 13.2;
				MTL_ENABLE_DEBUG_INFO = INCLUDE_SOURCE;
				MTL_FAST_MATH = YES;
				ONLY_ACTIVE_ARCH = YES;
				SDKROOT = iphoneos;
				VERSIONING_SYSTEM = "apple-generic";
				VERSION_INFO_PREFIX = "";
			};
			name = Debug;
		};
		E4271A1723B7F86500B08B37 /* Release */ = {
			isa = XCBuildConfiguration;
			buildSettings = {
				ALWAYS_SEARCH_USER_PATHS = NO;
				CLANG_ANALYZER_NONNULL = YES;
				CLANG_ANALYZER_NUMBER_OBJECT_CONVERSION = YES_AGGRESSIVE;
				CLANG_CXX_LANGUAGE_STANDARD = "gnu++17";
				CLANG_CXX_LIBRARY = "libc++";
				CLANG_ENABLE_MODULES = YES;
				CLANG_ENABLE_OBJC_ARC = YES;
				CLANG_ENABLE_OBJC_WEAK = YES;
				CLANG_WARN_BLOCK_CAPTURE_AUTORELEASING = YES;
				CLANG_WARN_BOOL_CONVERSION = YES;
				CLANG_WARN_COMMA = YES;
				CLANG_WARN_CONSTANT_CONVERSION = YES;
				CLANG_WARN_DEPRECATED_OBJC_IMPLEMENTATIONS = YES;
				CLANG_WARN_DIRECT_OBJC_ISA_USAGE = YES_ERROR;
				CLANG_WARN_DOCUMENTATION_COMMENTS = YES;
				CLANG_WARN_EMPTY_BODY = YES;
				CLANG_WARN_ENUM_CONVERSION = YES;
				CLANG_WARN_INFINITE_RECURSION = YES;
				CLANG_WARN_INT_CONVERSION = YES;
				CLANG_WARN_NON_LITERAL_NULL_CONVERSION = YES;
				CLANG_WARN_OBJC_IMPLICIT_RETAIN_SELF = YES;
				CLANG_WARN_OBJC_LITERAL_CONVERSION = YES;
				CLANG_WARN_OBJC_ROOT_CLASS = YES_ERROR;
				CLANG_WARN_RANGE_LOOP_ANALYSIS = YES;
				CLANG_WARN_STRICT_PROTOTYPES = YES;
				CLANG_WARN_SUSPICIOUS_MOVE = YES;
				CLANG_WARN_UNGUARDED_AVAILABILITY = YES_AGGRESSIVE;
				CLANG_WARN_UNREACHABLE_CODE = YES;
				CLANG_WARN__DUPLICATE_METHOD_MATCH = YES;
				COPY_PHASE_STRIP = NO;
				CURRENT_PROJECT_VERSION = 1;
				DEBUG_INFORMATION_FORMAT = "dwarf-with-dsym";
				ENABLE_NS_ASSERTIONS = NO;
				ENABLE_STRICT_OBJC_MSGSEND = YES;
				GCC_C_LANGUAGE_STANDARD = gnu11;
				GCC_NO_COMMON_BLOCKS = YES;
				GCC_OPTIMIZATION_LEVEL = 0;
				GCC_WARN_64_TO_32_BIT_CONVERSION = YES;
				GCC_WARN_ABOUT_RETURN_TYPE = YES_ERROR;
				GCC_WARN_UNDECLARED_SELECTOR = YES;
				GCC_WARN_UNINITIALIZED_AUTOS = YES_AGGRESSIVE;
				GCC_WARN_UNUSED_FUNCTION = YES;
				GCC_WARN_UNUSED_VARIABLE = YES;
				IPHONEOS_DEPLOYMENT_TARGET = 13.2;
				MTL_ENABLE_DEBUG_INFO = NO;
				MTL_FAST_MATH = YES;
				SDKROOT = iphoneos;
				VALIDATE_PRODUCT = YES;
				VERSIONING_SYSTEM = "apple-generic";
				VERSION_INFO_PREFIX = "";
			};
			name = Release;
		};
		E4271A1923B7F86500B08B37 /* Debug */ = {
			isa = XCBuildConfiguration;
			buildSettings = {
				CODE_SIGN_STYLE = Automatic;
				DEFINES_MODULE = YES;
				DYLIB_COMPATIBILITY_VERSION = 1;
				DYLIB_CURRENT_VERSION = 1;
				DYLIB_INSTALL_NAME_BASE = "@rpath";
				INFOPLIST_FILE = AppleSeal/Info.plist;
				INSTALL_PATH = "$(LOCAL_LIBRARY_DIR)/Frameworks";
				LD_RUNPATH_SEARCH_PATHS = (
					"$(inherited)",
					"@executable_path/Frameworks",
					"@loader_path/Frameworks",
				);
				LIBRARY_SEARCH_PATHS = library/lib;
				OTHER_LDFLAGS = "-lseal-3.4";
				PRODUCT_BUNDLE_IDENTIFIER = mroz.AppleSeal;
				PRODUCT_NAME = "$(TARGET_NAME:c99extidentifier)";
				SKIP_INSTALL = YES;
				TARGETED_DEVICE_FAMILY = "1,2";
				USER_HEADER_SEARCH_PATHS = "library/include/SEAL-3.4";
			};
			name = Debug;
		};
		E4271A1A23B7F86500B08B37 /* Release */ = {
			isa = XCBuildConfiguration;
			buildSettings = {
				CODE_SIGN_STYLE = Automatic;
				DEFINES_MODULE = YES;
				DYLIB_COMPATIBILITY_VERSION = 1;
				DYLIB_CURRENT_VERSION = 1;
				DYLIB_INSTALL_NAME_BASE = "@rpath";
				INFOPLIST_FILE = AppleSeal/Info.plist;
				INSTALL_PATH = "$(LOCAL_LIBRARY_DIR)/Frameworks";
				LD_RUNPATH_SEARCH_PATHS = (
					"$(inherited)",
					"@executable_path/Frameworks",
					"@loader_path/Frameworks",
				);
				LIBRARY_SEARCH_PATHS = library/lib;
				OTHER_LDFLAGS = "-lseal-3.4";
				PRODUCT_BUNDLE_IDENTIFIER = mroz.AppleSeal;
				PRODUCT_NAME = "$(TARGET_NAME:c99extidentifier)";
				SKIP_INSTALL = YES;
				TARGETED_DEVICE_FAMILY = "1,2";
				USER_HEADER_SEARCH_PATHS = "library/include/SEAL-3.4";
			};
			name = Release;
		};
		E4271A1C23B7F86500B08B37 /* Debug */ = {
			isa = XCBuildConfiguration;
			buildSettings = {
				CODE_SIGN_STYLE = Automatic;
				INFOPLIST_FILE = AppleSealTests/Info.plist;
				LD_RUNPATH_SEARCH_PATHS = (
					"$(inherited)",
					"@executable_path/Frameworks",
					"@loader_path/Frameworks",
				);
				PRODUCT_BUNDLE_IDENTIFIER = mroz.AppleSealTests;
				PRODUCT_NAME = "$(TARGET_NAME)";
				SWIFT_VERSION = 5.0;
				TARGETED_DEVICE_FAMILY = "1,2";
			};
			name = Debug;
		};
		E4271A1D23B7F86500B08B37 /* Release */ = {
			isa = XCBuildConfiguration;
			buildSettings = {
				CODE_SIGN_STYLE = Automatic;
				INFOPLIST_FILE = AppleSealTests/Info.plist;
				LD_RUNPATH_SEARCH_PATHS = (
					"$(inherited)",
					"@executable_path/Frameworks",
					"@loader_path/Frameworks",
				);
				PRODUCT_BUNDLE_IDENTIFIER = mroz.AppleSealTests;
				PRODUCT_NAME = "$(TARGET_NAME)";
				SWIFT_VERSION = 5.0;
				TARGETED_DEVICE_FAMILY = "1,2";
			};
			name = Release;
		};
		E4271A2023B7F8C500B08B37 /* Debug */ = {
			isa = XCBuildConfiguration;
			buildSettings = {
				CODE_SIGN_STYLE = Automatic;
				DEBUGGING_SYMBOLS = YES;
				DEBUG_INFORMATION_FORMAT = dwarf;
				GCC_GENERATE_DEBUGGING_SYMBOLS = YES;
				GCC_OPTIMIZATION_LEVEL = 0;
				OTHER_CFLAGS = "";
				OTHER_LDFLAGS = "";
				PRODUCT_NAME = "$(TARGET_NAME)";
			};
			name = Debug;
		};
		E4271A2123B7F8C500B08B37 /* Release */ = {
			isa = XCBuildConfiguration;
			buildSettings = {
				CODE_SIGN_STYLE = Automatic;
				DEBUG_INFORMATION_FORMAT = "dwarf-with-dsym";
				OTHER_CFLAGS = "";
				OTHER_LDFLAGS = "";
				PRODUCT_NAME = "$(TARGET_NAME)";
			};
			name = Release;
		};
		E4271A2623B7FAB400B08B37 /* Debug */ = {
			isa = XCBuildConfiguration;
			buildSettings = {
				CODE_SIGN_STYLE = Automatic;
				DEBUGGING_SYMBOLS = YES;
				DEBUG_INFORMATION_FORMAT = dwarf;
				GCC_GENERATE_DEBUGGING_SYMBOLS = YES;
				GCC_OPTIMIZATION_LEVEL = 0;
				OTHER_CFLAGS = "";
				OTHER_LDFLAGS = "";
				PRODUCT_NAME = "$(TARGET_NAME)";
			};
			name = Debug;
		};
		E4271A2723B7FAB400B08B37 /* Release */ = {
			isa = XCBuildConfiguration;
			buildSettings = {
				CODE_SIGN_STYLE = Automatic;
				DEBUG_INFORMATION_FORMAT = "dwarf-with-dsym";
				OTHER_CFLAGS = "";
				OTHER_LDFLAGS = "";
				PRODUCT_NAME = "$(TARGET_NAME)";
			};
			name = Release;
		};
/* End XCBuildConfiguration section */

/* Begin XCConfigurationList section */
		E42719FE23B7F86400B08B37 /* Build configuration list for PBXProject "AppleSeal" */ = {
			isa = XCConfigurationList;
			buildConfigurations = (
				E4271A1623B7F86500B08B37 /* Debug */,
				E4271A1723B7F86500B08B37 /* Release */,
			);
			defaultConfigurationIsVisible = 0;
			defaultConfigurationName = Release;
		};
		E4271A1823B7F86500B08B37 /* Build configuration list for PBXNativeTarget "AppleSeal" */ = {
			isa = XCConfigurationList;
			buildConfigurations = (
				E4271A1923B7F86500B08B37 /* Debug */,
				E4271A1A23B7F86500B08B37 /* Release */,
			);
			defaultConfigurationIsVisible = 0;
			defaultConfigurationName = Release;
		};
		E4271A1B23B7F86500B08B37 /* Build configuration list for PBXNativeTarget "AppleSealTests" */ = {
			isa = XCConfigurationList;
			buildConfigurations = (
				E4271A1C23B7F86500B08B37 /* Debug */,
				E4271A1D23B7F86500B08B37 /* Release */,
			);
			defaultConfigurationIsVisible = 0;
			defaultConfigurationName = Release;
		};
		E4271A1F23B7F8C500B08B37 /* Build configuration list for PBXLegacyTarget "SealMakefiles" */ = {
			isa = XCConfigurationList;
			buildConfigurations = (
				E4271A2023B7F8C500B08B37 /* Debug */,
				E4271A2123B7F8C500B08B37 /* Release */,
			);
			defaultConfigurationIsVisible = 0;
			defaultConfigurationName = Release;
		};
		E4271A2523B7FAB400B08B37 /* Build configuration list for PBXLegacyTarget "seal" */ = {
			isa = XCConfigurationList;
			buildConfigurations = (
				E4271A2623B7FAB400B08B37 /* Debug */,
				E4271A2723B7FAB400B08B37 /* Release */,
			);
			defaultConfigurationIsVisible = 0;
			defaultConfigurationName = Release;
		};
/* End XCConfigurationList section */
	};
	rootObject = E42719FB23B7F86400B08B37 /* Project object */;
}
